
Microsoft Visual Studio Solution File, Format Version 12.00
# Visual Studio for Mac
Project("{FAE04EC0-301F-11D3-BF4B-00C04F79EFBC}") = "Mutiplayer Learn", "Mutiplayer Learn.csproj", "{5666278F-683C-9CF3-F2A5-1884C8ECE84A}"
EndProject
Global
	GlobalSection(SolutionConfigurationPlatforms) = preSolution
		Debug|Any CPU = Debug|Any CPU
		Release|Any CPU = Release|Any CPU
	EndGlobalSection
	GlobalSection(ProjectConfigurationPlatforms) = postSolution
		{5666278F-683C-9CF3-F2A5-1884C8ECE84A}.Debug|Any CPU.ActiveCfg = Debug|Any CPU
		{5666278F-683C-9CF3-F2A5-1884C8ECE84A}.Debug|Any CPU.Build.0 = Debug|Any CPU
		{5666278F-683C-9CF3-F2A5-1884C8ECE84A}.Release|Any CPU.ActiveCfg = Release|Any CPU
		{5666278F-683C-9CF3-F2A5-1884C8ECE84A}.Release|Any CPU.Build.0 = Release|Any CPU
	EndGlobalSection
	GlobalSection(SolutionProperties) = preSolution
		HideSolutionNode = FALSE
	EndGlobalSection
EndGlobal
